
Microsoft Visual Studio Solution File, Format Version 12.00
# Visual Studio Version 17
VisualStudioVersion = 17.7.34018.315
MinimumVisualStudioVersion = 10.0.40219.1
Project("{FAE04EC0-301F-11D3-BF4B-00C04F79EFBC}") = "projeto_final_bloco_02", "projeto_final_bloco_02.csproj", "{6FB03223-5725-414F-9F98-D418C2EDACDF}"
EndProject
Global
	GlobalSection(SolutionConfigurationPlatforms) = preSolution
		Debug|Any CPU = Debug|Any CPU
		Release|Any CPU = Release|Any CPU
	EndGlobalSection
	GlobalSection(ProjectConfigurationPlatforms) = postSolution
		{6FB03223-5725-414F-9F98-D418C2EDACDF}.Debug|Any CPU.ActiveCfg = Debug|Any CPU
		{6FB03223-5725-414F-9F98-D418C2EDACDF}.Debug|Any CPU.Build.0 = Debug|Any CPU
		{6FB03223-5725-414F-9F98-D418C2EDACDF}.Release|Any CPU.ActiveCfg = Release|Any CPU
		{6FB03223-5725-414F-9F98-D418C2EDACDF}.Release|Any CPU.Build.0 = Release|Any CPU
	EndGlobalSection
	GlobalSection(SolutionProperties) = preSolution
		HideSolutionNode = FALSE
	EndGlobalSection
	GlobalSection(ExtensibilityGlobals) = postSolution
		SolutionGuid = {C909EDA4-0B9D-4689-A8FE-B1C69E1B9488}
	EndGlobalSection
EndGlobal
